
Microsoft Visual Studio Solution File, Format Version 12.00
# Visual Studio Version 17
VisualStudioVersion = 17.14.36401.2 d17.14
MinimumVisualStudioVersion = 10.0.40219.1
Project("{FAE04EC0-301F-11D3-BF4B-00C04F79EFBC}") = "PET ADOPTION RECORD SYSTTEM", "PET ADOPTION RECORD SYSTTEM.csproj", "{2BE21077-D6E9-403D-8D96-DEC13711CB8E}"
EndProject
Global
	GlobalSection(SolutionConfigurationPlatforms) = preSolution
		Debug|Any CPU = Debug|Any CPU
		Release|Any CPU = Release|Any CPU
	EndGlobalSection
	GlobalSection(ProjectConfigurationPlatforms) = postSolution
		{2BE21077-D6E9-403D-8D96-DEC13711CB8E}.Debug|Any CPU.ActiveCfg = Debug|Any CPU
		{2BE21077-D6E9-403D-8D96-DEC13711CB8E}.Debug|Any CPU.Build.0 = Debug|Any CPU
		{2BE21077-D6E9-403D-8D96-DEC13711CB8E}.Release|Any CPU.ActiveCfg = Release|Any CPU
		{2BE21077-D6E9-403D-8D96-DEC13711CB8E}.Release|Any CPU.Build.0 = Release|Any CPU
	EndGlobalSection
	GlobalSection(SolutionProperties) = preSolution
		HideSolutionNode = FALSE
	EndGlobalSection
	GlobalSection(ExtensibilityGlobals) = postSolution
		SolutionGuid = {B00A0EEE-6804-47CD-9E46-544C47EDCE0D}
	EndGlobalSection
EndGlobal
